
Microsoft Visual Studio Solution File, Format Version 12.00
# Visual Studio Version 17
VisualStudioVersion = 17.8.34511.84
MinimumVisualStudioVersion = 10.0.40219.1
Project("{9A19103F-16F7-4668-BE54-9A1E7A4F7556}") = "kersenduz.WebApi", "kersenduz.WebApi\kersenduz.WebApi.csproj", "{79E1A6C3-0F66-400E-B597-2C6390877E14}"
EndProject
Project("{9A19103F-16F7-4668-BE54-9A1E7A4F7556}") = "kersenduz.DataAccess", "kersenduz.DataAccess\kersenduz.DataAccess.csproj", "{40CF9AA6-22AF-4BD0-803A-B39B3DDB0836}"
EndProject
Project("{9A19103F-16F7-4668-BE54-9A1E7A4F7556}") = "kersenduz.Shared", "kersenduz.Shared\kersenduz.Shared.csproj", "{B9B325EC-E928-4A09-8C46-156E665244C7}"
EndProject
Project("{9A19103F-16F7-4668-BE54-9A1E7A4F7556}") = "kersenduz.Core.Repository", "kersenduz.Core.Repository\kersenduz.Core.Repository.csproj", "{F5DAE24F-1FD2-498A-89CD-BB3F2C3847CD}"
EndProject
Project("{FAE04EC0-301F-11D3-BF4B-00C04F79EFBC}") = "kersenduz.Web_App", "kersenduz.Web_App\kersenduz.Web_App.csproj", "{9AA85E54-B866-441A-8ED4-45D6CEE7578B}"
EndProject
Global
	GlobalSection(SolutionConfigurationPlatforms) = preSolution
		Debug|Any CPU = Debug|Any CPU
		Release|Any CPU = Release|Any CPU
	EndGlobalSection
	GlobalSection(ProjectConfigurationPlatforms) = postSolution
		{79E1A6C3-0F66-400E-B597-2C6390877E14}.Debug|Any CPU.ActiveCfg = Debug|Any CPU
		{79E1A6C3-0F66-400E-B597-2C6390877E14}.Debug|Any CPU.Build.0 = Debug|Any CPU
		{79E1A6C3-0F66-400E-B597-2C6390877E14}.Release|Any CPU.ActiveCfg = Release|Any CPU
		{79E1A6C3-0F66-400E-B597-2C6390877E14}.Release|Any CPU.Build.0 = Release|Any CPU
		{40CF9AA6-22AF-4BD0-803A-B39B3DDB0836}.Debug|Any CPU.ActiveCfg = Debug|Any CPU
		{40CF9AA6-22AF-4BD0-803A-B39B3DDB0836}.Debug|Any CPU.Build.0 = Debug|Any CPU
		{40CF9AA6-22AF-4BD0-803A-B39B3DDB0836}.Release|Any CPU.ActiveCfg = Release|Any CPU
		{40CF9AA6-22AF-4BD0-803A-B39B3DDB0836}.Release|Any CPU.Build.0 = Release|Any CPU
		{B9B325EC-E928-4A09-8C46-156E665244C7}.Debug|Any CPU.ActiveCfg = Debug|Any CPU
		{B9B325EC-E928-4A09-8C46-156E665244C7}.Debug|Any CPU.Build.0 = Debug|Any CPU
		{B9B325EC-E928-4A09-8C46-156E665244C7}.Release|Any CPU.ActiveCfg = Release|Any CPU
		{B9B325EC-E928-4A09-8C46-156E665244C7}.Release|Any CPU.Build.0 = Release|Any CPU
		{F5DAE24F-1FD2-498A-89CD-BB3F2C3847CD}.Debug|Any CPU.ActiveCfg = Debug|Any CPU
		{F5DAE24F-1FD2-498A-89CD-BB3F2C3847CD}.Debug|Any CPU.Build.0 = Debug|Any CPU
		{F5DAE24F-1FD2-498A-89CD-BB3F2C3847CD}.Release|Any CPU.ActiveCfg = Release|Any CPU
		{F5DAE24F-1FD2-498A-89CD-BB3F2C3847CD}.Release|Any CPU.Build.0 = Release|Any CPU
		{9AA85E54-B866-441A-8ED4-45D6CEE7578B}.Debug|Any CPU.ActiveCfg = Debug|Any CPU
		{9AA85E54-B866-441A-8ED4-45D6CEE7578B}.Debug|Any CPU.Build.0 = Debug|Any CPU
		{9AA85E54-B866-441A-8ED4-45D6CEE7578B}.Release|Any CPU.ActiveCfg = Release|Any CPU
		{9AA85E54-B866-441A-8ED4-45D6CEE7578B}.Release|Any CPU.Build.0 = Release|Any CPU
	EndGlobalSection
	GlobalSection(SolutionProperties) = preSolution
		HideSolutionNode = FALSE
	EndGlobalSection
	GlobalSection(ExtensibilityGlobals) = postSolution
		SolutionGuid = {A9652AFC-557D-40DC-9BD6-9A18EC521269}
	EndGlobalSection
EndGlobal
