
Microsoft Visual Studio Solution File, Format Version 12.00
# Visual Studio Version 17
VisualStudioVersion = 17.8.34511.84
MinimumVisualStudioVersion = 10.0.40219.1
Project("{FAE04EC0-301F-11D3-BF4B-00C04F79EFBC}") = "StokTakip", "StokTakip\StokTakip.csproj", "{9E281F9C-7D8F-44CA-96FF-1B6FC1A47607}"
EndProject
Global
	GlobalSection(SolutionConfigurationPlatforms) = preSolution
		Debug|Any CPU = Debug|Any CPU
		Release|Any CPU = Release|Any CPU
	EndGlobalSection
	GlobalSection(ProjectConfigurationPlatforms) = postSolution
		{9E281F9C-7D8F-44CA-96FF-1B6FC1A47607}.Debug|Any CPU.ActiveCfg = Debug|Any CPU
		{9E281F9C-7D8F-44CA-96FF-1B6FC1A47607}.Debug|Any CPU.Build.0 = Debug|Any CPU
		{9E281F9C-7D8F-44CA-96FF-1B6FC1A47607}.Release|Any CPU.ActiveCfg = Release|Any CPU
		{9E281F9C-7D8F-44CA-96FF-1B6FC1A47607}.Release|Any CPU.Build.0 = Release|Any CPU
	EndGlobalSection
	GlobalSection(SolutionProperties) = preSolution
		HideSolutionNode = FALSE
	EndGlobalSection
	GlobalSection(ExtensibilityGlobals) = postSolution
		SolutionGuid = {A636A897-0334-4D96-B375-B099EE8C7C4C}
	EndGlobalSection
EndGlobal
